
Microsoft Visual Studio Solution File, Format Version 12.00
# Visual Studio 14
VisualStudioVersion = 14.0.25420.1
MinimumVisualStudioVersion = 10.0.40219.1
Project("{2150E333-8FDC-42A3-9474-1A3956D46DE8}") = "Solution Items", "Solution Items", "{C3C7ACC3-8BC3-4801-BBB2-628E4EC86289}"
	ProjectSection(SolutionItems) = preProject
		.gitignore = .gitignore
		README.md = README.md
	EndProjectSection
EndProject
Project("{FAE04EC0-301F-11D3-BF4B-00C04F79EFBC}") = "EntityChangeTracker", "ChangePublishingDbContext\EntityChangeTracker.csproj", "{F989FC8E-6EAA-4A6C-B61E-BC2D9346FD8B}"
EndProject
Project("{FAE04EC0-301F-11D3-BF4B-00C04F79EFBC}") = "ChangePublishingDbContextTest", "ChangePublishingDbContextTest\ChangePublishingDbContextTest.csproj", "{4D9D003C-56F3-4B25-9A94-F0499B380265}"
EndProject
Project("{FAE04EC0-301F-11D3-BF4B-00C04F79EFBC}") = "DbContextWithSaveEvent", "DbContextWithSaveEvent\DbContextWithSaveEvent.csproj", "{3E34A91B-82BD-4003-A347-D8DF5D62050E}"
EndProject
Project("{FAE04EC0-301F-11D3-BF4B-00C04F79EFBC}") = "DbContextWithCustomDbSet", "DbContext\DbContextWithCustomDbSet.csproj", "{65ADE613-350A-4762-A014-C2BA700B06EC}"
EndProject
Project("{FAE04EC0-301F-11D3-BF4B-00C04F79EFBC}") = "ConditionalChangeTracker", "ConditionalChangeTracker\ConditionalChangeTracker.csproj", "{803D1122-EAD4-4593-9126-E28C8274D6D6}"
EndProject
Project("{FAE04EC0-301F-11D3-BF4B-00C04F79EFBC}") = "ChangePublishingDbContext", "ChangePublishingQueryable\ChangePublishingDbContext.csproj", "{CD3CF22B-1B11-4522-A26D-0A9929B52027}"
EndProject
Project("{2150E333-8FDC-42A3-9474-1A3956D46DE8}") = "ChangePublishingDbContext.Core", "ChangePublishingDbContext.Core", "{13AF96F1-DC8B-4777-98AC-3DADF6DB0561}"
EndProject
Project("{2150E333-8FDC-42A3-9474-1A3956D46DE8}") = "DbContext", "DbContext", "{4F4F1A9E-5D91-4C61-8B77-5BBC98966080}"
EndProject
Project("{2150E333-8FDC-42A3-9474-1A3956D46DE8}") = "SignalR", "SignalR", "{359A8389-E805-40B4-8DEF-0E02F5361142}"
EndProject
Project("{2150E333-8FDC-42A3-9474-1A3956D46DE8}") = "Examples", "Examples", "{4EC9524F-D12D-4156-91D0-9BE1D1A6D923}"
EndProject
Project("{FAE04EC0-301F-11D3-BF4B-00C04F79EFBC}") = "ChangePublishingSignalRHub", "ChangePublishingSignalRHub\ChangePublishingSignalRHub.csproj", "{233977AC-4F11-458A-AFE4-331D54EA6AB9}"
EndProject
Project("{FAE04EC0-301F-11D3-BF4B-00C04F79EFBC}") = "ChangePublishingDbContextExample", "ChangePublishingDbContextExample\ChangePublishingDbContextExample.csproj", "{1350A976-9CB0-46A7-B99F-9733DEF56729}"
EndProject
Project("{2150E333-8FDC-42A3-9474-1A3956D46DE8}") = "Experimental", "Experimental", "{A275025D-D84D-4917-8702-BB4CE5E12CE8}"
EndProject
Global
	GlobalSection(SolutionConfigurationPlatforms) = preSolution
		Debug|Any CPU = Debug|Any CPU
		Release|Any CPU = Release|Any CPU
	EndGlobalSection
	GlobalSection(ProjectConfigurationPlatforms) = postSolution
		{F989FC8E-6EAA-4A6C-B61E-BC2D9346FD8B}.Debug|Any CPU.ActiveCfg = Debug|Any CPU
		{F989FC8E-6EAA-4A6C-B61E-BC2D9346FD8B}.Debug|Any CPU.Build.0 = Debug|Any CPU
		{F989FC8E-6EAA-4A6C-B61E-BC2D9346FD8B}.Release|Any CPU.ActiveCfg = Release|Any CPU
		{F989FC8E-6EAA-4A6C-B61E-BC2D9346FD8B}.Release|Any CPU.Build.0 = Release|Any CPU
		{4D9D003C-56F3-4B25-9A94-F0499B380265}.Debug|Any CPU.ActiveCfg = Debug|Any CPU
		{4D9D003C-56F3-4B25-9A94-F0499B380265}.Debug|Any CPU.Build.0 = Debug|Any CPU
		{4D9D003C-56F3-4B25-9A94-F0499B380265}.Release|Any CPU.ActiveCfg = Release|Any CPU
		{4D9D003C-56F3-4B25-9A94-F0499B380265}.Release|Any CPU.Build.0 = Release|Any CPU
		{3E34A91B-82BD-4003-A347-D8DF5D62050E}.Debug|Any CPU.ActiveCfg = Debug|Any CPU
		{3E34A91B-82BD-4003-A347-D8DF5D62050E}.Debug|Any CPU.Build.0 = Debug|Any CPU
		{3E34A91B-82BD-4003-A347-D8DF5D62050E}.Release|Any CPU.ActiveCfg = Release|Any CPU
		{3E34A91B-82BD-4003-A347-D8DF5D62050E}.Release|Any CPU.Build.0 = Release|Any CPU
		{65ADE613-350A-4762-A014-C2BA700B06EC}.Debug|Any CPU.ActiveCfg = Debug|Any CPU
		{65ADE613-350A-4762-A014-C2BA700B06EC}.Debug|Any CPU.Build.0 = Debug|Any CPU
		{65ADE613-350A-4762-A014-C2BA700B06EC}.Release|Any CPU.ActiveCfg = Release|Any CPU
		{65ADE613-350A-4762-A014-C2BA700B06EC}.Release|Any CPU.Build.0 = Release|Any CPU
		{803D1122-EAD4-4593-9126-E28C8274D6D6}.Debug|Any CPU.ActiveCfg = Debug|Any CPU
		{803D1122-EAD4-4593-9126-E28C8274D6D6}.Debug|Any CPU.Build.0 = Debug|Any CPU
		{803D1122-EAD4-4593-9126-E28C8274D6D6}.Release|Any CPU.ActiveCfg = Release|Any CPU
		{803D1122-EAD4-4593-9126-E28C8274D6D6}.Release|Any CPU.Build.0 = Release|Any CPU
		{CD3CF22B-1B11-4522-A26D-0A9929B52027}.Debug|Any CPU.ActiveCfg = Debug|Any CPU
		{CD3CF22B-1B11-4522-A26D-0A9929B52027}.Debug|Any CPU.Build.0 = Debug|Any CPU
		{CD3CF22B-1B11-4522-A26D-0A9929B52027}.Release|Any CPU.ActiveCfg = Release|Any CPU
		{CD3CF22B-1B11-4522-A26D-0A9929B52027}.Release|Any CPU.Build.0 = Release|Any CPU
		{233977AC-4F11-458A-AFE4-331D54EA6AB9}.Debug|Any CPU.ActiveCfg = Debug|Any CPU
		{233977AC-4F11-458A-AFE4-331D54EA6AB9}.Debug|Any CPU.Build.0 = Debug|Any CPU
		{233977AC-4F11-458A-AFE4-331D54EA6AB9}.Release|Any CPU.ActiveCfg = Release|Any CPU
		{233977AC-4F11-458A-AFE4-331D54EA6AB9}.Release|Any CPU.Build.0 = Release|Any CPU
		{1350A976-9CB0-46A7-B99F-9733DEF56729}.Debug|Any CPU.ActiveCfg = Debug|Any CPU
		{1350A976-9CB0-46A7-B99F-9733DEF56729}.Debug|Any CPU.Build.0 = Debug|Any CPU
		{1350A976-9CB0-46A7-B99F-9733DEF56729}.Release|Any CPU.ActiveCfg = Release|Any CPU
		{1350A976-9CB0-46A7-B99F-9733DEF56729}.Release|Any CPU.Build.0 = Release|Any CPU
	EndGlobalSection
	GlobalSection(SolutionProperties) = preSolution
		HideSolutionNode = FALSE
	EndGlobalSection
	GlobalSection(NestedProjects) = preSolution
		{F989FC8E-6EAA-4A6C-B61E-BC2D9346FD8B} = {13AF96F1-DC8B-4777-98AC-3DADF6DB0561}
		{4D9D003C-56F3-4B25-9A94-F0499B380265} = {4F4F1A9E-5D91-4C61-8B77-5BBC98966080}
		{3E34A91B-82BD-4003-A347-D8DF5D62050E} = {13AF96F1-DC8B-4777-98AC-3DADF6DB0561}
		{65ADE613-350A-4762-A014-C2BA700B06EC} = {13AF96F1-DC8B-4777-98AC-3DADF6DB0561}
		{803D1122-EAD4-4593-9126-E28C8274D6D6} = {13AF96F1-DC8B-4777-98AC-3DADF6DB0561}
		{CD3CF22B-1B11-4522-A26D-0A9929B52027} = {4F4F1A9E-5D91-4C61-8B77-5BBC98966080}
		{13AF96F1-DC8B-4777-98AC-3DADF6DB0561} = {4F4F1A9E-5D91-4C61-8B77-5BBC98966080}
		{233977AC-4F11-458A-AFE4-331D54EA6AB9} = {359A8389-E805-40B4-8DEF-0E02F5361142}
		{1350A976-9CB0-46A7-B99F-9733DEF56729} = {4EC9524F-D12D-4156-91D0-9BE1D1A6D923}
	EndGlobalSection
	GlobalSection(ExtensibilityGlobals) = postSolution
		SolutionGuid = {2D894D8A-E146-464E-B43B-55A16CC40514}
	EndGlobalSection
EndGlobal
