
Microsoft Visual Studio Solution File, Format Version 12.00
# Visual Studio 14
VisualStudioVersion = 14.0.25420.1
MinimumVisualStudioVersion = 10.0.40219.1
Project("{FAE04EC0-301F-11D3-BF4B-00C04F79EFBC}") = "RejuvenatingExample", "RejuvenateExample\RejuvenatingExample.csproj", "{C0E234E8-E3D7-4291-AD7E-7B3BCEE106C4}"
EndProject
Project("{FAE04EC0-301F-11D3-BF4B-00C04F79EFBC}") = "Rejuvenate", "Rejuvenate\Rejuvenate.csproj", "{7E0885AA-9884-4658-A1E9-8AAE0286ECEE}"
EndProject
Project("{2150E333-8FDC-42A3-9474-1A3956D46DE8}") = "Solution Items", "Solution Items", "{C3C7ACC3-8BC3-4801-BBB2-628E4EC86289}"
	ProjectSection(SolutionItems) = preProject
		.gitignore = .gitignore
		README.md = README.md
	EndProjectSection
EndProject
Project("{FAE04EC0-301F-11D3-BF4B-00C04F79EFBC}") = "RejuvenatingTests", "RejuvenatingTests\RejuvenatingTests.csproj", "{61DF7A07-5A21-4EA8-BBED-7D24649B52EE}"
EndProject
Project("{FAE04EC0-301F-11D3-BF4B-00C04F79EFBC}") = "EFExtensions", "EFExtensions\EFExtensions.csproj", "{8D58E3E8-82C0-4A36-86FD-A4277146C402}"
EndProject
Project("{FAE04EC0-301F-11D3-BF4B-00C04F79EFBC}") = "EFEvents", "EFEvents\EFEvents.csproj", "{8805C3E8-6B54-4B3D-9BDC-A2D7EAD25B9E}"
EndProject
Project("{2150E333-8FDC-42A3-9474-1A3956D46DE8}") = "RealV2", "RealV2", "{0610DE90-9113-4178-B13A-156792B99728}"
EndProject
Project("{FAE04EC0-301F-11D3-BF4B-00C04F79EFBC}") = "EntityChangeTracker", "RealV2\ChangePublishingDbContext\EntityChangeTracker.csproj", "{F989FC8E-6EAA-4A6C-B61E-BC2D9346FD8B}"
EndProject
Project("{FAE04EC0-301F-11D3-BF4B-00C04F79EFBC}") = "ChangePublishingDbContextTest", "RealV2\ChangePublishingDbContextTest\ChangePublishingDbContextTest.csproj", "{4D9D003C-56F3-4B25-9A94-F0499B380265}"
EndProject
Project("{FAE04EC0-301F-11D3-BF4B-00C04F79EFBC}") = "DbContextWithSaveEvent", "RealV2\DbContextWithSaveEvent\DbContextWithSaveEvent.csproj", "{3E34A91B-82BD-4003-A347-D8DF5D62050E}"
EndProject
Project("{FAE04EC0-301F-11D3-BF4B-00C04F79EFBC}") = "DbContextWithCustomDbSet", "RealV2\DbContext\DbContextWithCustomDbSet.csproj", "{65ADE613-350A-4762-A014-C2BA700B06EC}"
EndProject
Project("{FAE04EC0-301F-11D3-BF4B-00C04F79EFBC}") = "ConditionalChangeTracker", "RealV2\ConditionalChangeTracker\ConditionalChangeTracker.csproj", "{803D1122-EAD4-4593-9126-E28C8274D6D6}"
EndProject
Project("{FAE04EC0-301F-11D3-BF4B-00C04F79EFBC}") = "ChangePublishingDbContext", "RealV2\ChangePublishingQueryable\ChangePublishingDbContext.csproj", "{CD3CF22B-1B11-4522-A26D-0A9929B52027}"
EndProject
Project("{2150E333-8FDC-42A3-9474-1A3956D46DE8}") = "ChangePublishingDbContext.Core", "ChangePublishingDbContext.Core", "{13AF96F1-DC8B-4777-98AC-3DADF6DB0561}"
EndProject
Project("{2150E333-8FDC-42A3-9474-1A3956D46DE8}") = "DbContext", "DbContext", "{4F4F1A9E-5D91-4C61-8B77-5BBC98966080}"
EndProject
Project("{2150E333-8FDC-42A3-9474-1A3956D46DE8}") = "SignalR", "SignalR", "{359A8389-E805-40B4-8DEF-0E02F5361142}"
EndProject
Project("{2150E333-8FDC-42A3-9474-1A3956D46DE8}") = "Examples", "Examples", "{4EC9524F-D12D-4156-91D0-9BE1D1A6D923}"
EndProject
Project("{FAE04EC0-301F-11D3-BF4B-00C04F79EFBC}") = "ChangePublishingSignalRHub", "RealV2\ChangePublishingSignalRHub\ChangePublishingSignalRHub.csproj", "{233977AC-4F11-458A-AFE4-331D54EA6AB9}"
EndProject
Project("{FAE04EC0-301F-11D3-BF4B-00C04F79EFBC}") = "ChangePublishingDbContextExample", "RealV2\ChangePublishingDbContextExample\ChangePublishingDbContextExample.csproj", "{1350A976-9CB0-46A7-B99F-9733DEF56729}"
EndProject
Project("{FAE04EC0-301F-11D3-BF4B-00C04F79EFBC}") = "hoi", "hoi\hoi.csproj", "{BF70CEA2-962D-41F7-8751-CEE3E0F7E2A5}"
EndProject
Global
	GlobalSection(SolutionConfigurationPlatforms) = preSolution
		Debug|Any CPU = Debug|Any CPU
		Release|Any CPU = Release|Any CPU
	EndGlobalSection
	GlobalSection(ProjectConfigurationPlatforms) = postSolution
		{C0E234E8-E3D7-4291-AD7E-7B3BCEE106C4}.Debug|Any CPU.ActiveCfg = Debug|Any CPU
		{C0E234E8-E3D7-4291-AD7E-7B3BCEE106C4}.Debug|Any CPU.Build.0 = Debug|Any CPU
		{C0E234E8-E3D7-4291-AD7E-7B3BCEE106C4}.Release|Any CPU.ActiveCfg = Release|Any CPU
		{C0E234E8-E3D7-4291-AD7E-7B3BCEE106C4}.Release|Any CPU.Build.0 = Release|Any CPU
		{7E0885AA-9884-4658-A1E9-8AAE0286ECEE}.Debug|Any CPU.ActiveCfg = Debug|Any CPU
		{7E0885AA-9884-4658-A1E9-8AAE0286ECEE}.Debug|Any CPU.Build.0 = Debug|Any CPU
		{7E0885AA-9884-4658-A1E9-8AAE0286ECEE}.Release|Any CPU.ActiveCfg = Release|Any CPU
		{7E0885AA-9884-4658-A1E9-8AAE0286ECEE}.Release|Any CPU.Build.0 = Release|Any CPU
		{61DF7A07-5A21-4EA8-BBED-7D24649B52EE}.Debug|Any CPU.ActiveCfg = Debug|Any CPU
		{61DF7A07-5A21-4EA8-BBED-7D24649B52EE}.Debug|Any CPU.Build.0 = Debug|Any CPU
		{61DF7A07-5A21-4EA8-BBED-7D24649B52EE}.Release|Any CPU.ActiveCfg = Release|Any CPU
		{61DF7A07-5A21-4EA8-BBED-7D24649B52EE}.Release|Any CPU.Build.0 = Release|Any CPU
		{8D58E3E8-82C0-4A36-86FD-A4277146C402}.Debug|Any CPU.ActiveCfg = Debug|Any CPU
		{8D58E3E8-82C0-4A36-86FD-A4277146C402}.Debug|Any CPU.Build.0 = Debug|Any CPU
		{8D58E3E8-82C0-4A36-86FD-A4277146C402}.Release|Any CPU.ActiveCfg = Release|Any CPU
		{8D58E3E8-82C0-4A36-86FD-A4277146C402}.Release|Any CPU.Build.0 = Release|Any CPU
		{8805C3E8-6B54-4B3D-9BDC-A2D7EAD25B9E}.Debug|Any CPU.ActiveCfg = Debug|Any CPU
		{8805C3E8-6B54-4B3D-9BDC-A2D7EAD25B9E}.Debug|Any CPU.Build.0 = Debug|Any CPU
		{8805C3E8-6B54-4B3D-9BDC-A2D7EAD25B9E}.Release|Any CPU.ActiveCfg = Release|Any CPU
		{8805C3E8-6B54-4B3D-9BDC-A2D7EAD25B9E}.Release|Any CPU.Build.0 = Release|Any CPU
		{F989FC8E-6EAA-4A6C-B61E-BC2D9346FD8B}.Debug|Any CPU.ActiveCfg = Debug|Any CPU
		{F989FC8E-6EAA-4A6C-B61E-BC2D9346FD8B}.Debug|Any CPU.Build.0 = Debug|Any CPU
		{F989FC8E-6EAA-4A6C-B61E-BC2D9346FD8B}.Release|Any CPU.ActiveCfg = Release|Any CPU
		{F989FC8E-6EAA-4A6C-B61E-BC2D9346FD8B}.Release|Any CPU.Build.0 = Release|Any CPU
		{4D9D003C-56F3-4B25-9A94-F0499B380265}.Debug|Any CPU.ActiveCfg = Debug|Any CPU
		{4D9D003C-56F3-4B25-9A94-F0499B380265}.Debug|Any CPU.Build.0 = Debug|Any CPU
		{4D9D003C-56F3-4B25-9A94-F0499B380265}.Release|Any CPU.ActiveCfg = Release|Any CPU
		{4D9D003C-56F3-4B25-9A94-F0499B380265}.Release|Any CPU.Build.0 = Release|Any CPU
		{3E34A91B-82BD-4003-A347-D8DF5D62050E}.Debug|Any CPU.ActiveCfg = Debug|Any CPU
		{3E34A91B-82BD-4003-A347-D8DF5D62050E}.Debug|Any CPU.Build.0 = Debug|Any CPU
		{3E34A91B-82BD-4003-A347-D8DF5D62050E}.Release|Any CPU.ActiveCfg = Release|Any CPU
		{3E34A91B-82BD-4003-A347-D8DF5D62050E}.Release|Any CPU.Build.0 = Release|Any CPU
		{65ADE613-350A-4762-A014-C2BA700B06EC}.Debug|Any CPU.ActiveCfg = Debug|Any CPU
		{65ADE613-350A-4762-A014-C2BA700B06EC}.Debug|Any CPU.Build.0 = Debug|Any CPU
		{65ADE613-350A-4762-A014-C2BA700B06EC}.Release|Any CPU.ActiveCfg = Release|Any CPU
		{65ADE613-350A-4762-A014-C2BA700B06EC}.Release|Any CPU.Build.0 = Release|Any CPU
		{803D1122-EAD4-4593-9126-E28C8274D6D6}.Debug|Any CPU.ActiveCfg = Debug|Any CPU
		{803D1122-EAD4-4593-9126-E28C8274D6D6}.Debug|Any CPU.Build.0 = Debug|Any CPU
		{803D1122-EAD4-4593-9126-E28C8274D6D6}.Release|Any CPU.ActiveCfg = Release|Any CPU
		{803D1122-EAD4-4593-9126-E28C8274D6D6}.Release|Any CPU.Build.0 = Release|Any CPU
		{CD3CF22B-1B11-4522-A26D-0A9929B52027}.Debug|Any CPU.ActiveCfg = Debug|Any CPU
		{CD3CF22B-1B11-4522-A26D-0A9929B52027}.Debug|Any CPU.Build.0 = Debug|Any CPU
		{CD3CF22B-1B11-4522-A26D-0A9929B52027}.Release|Any CPU.ActiveCfg = Release|Any CPU
		{CD3CF22B-1B11-4522-A26D-0A9929B52027}.Release|Any CPU.Build.0 = Release|Any CPU
		{233977AC-4F11-458A-AFE4-331D54EA6AB9}.Debug|Any CPU.ActiveCfg = Debug|Any CPU
		{233977AC-4F11-458A-AFE4-331D54EA6AB9}.Debug|Any CPU.Build.0 = Debug|Any CPU
		{233977AC-4F11-458A-AFE4-331D54EA6AB9}.Release|Any CPU.ActiveCfg = Release|Any CPU
		{233977AC-4F11-458A-AFE4-331D54EA6AB9}.Release|Any CPU.Build.0 = Release|Any CPU
		{1350A976-9CB0-46A7-B99F-9733DEF56729}.Debug|Any CPU.ActiveCfg = Debug|Any CPU
		{1350A976-9CB0-46A7-B99F-9733DEF56729}.Debug|Any CPU.Build.0 = Debug|Any CPU
		{1350A976-9CB0-46A7-B99F-9733DEF56729}.Release|Any CPU.ActiveCfg = Release|Any CPU
		{1350A976-9CB0-46A7-B99F-9733DEF56729}.Release|Any CPU.Build.0 = Release|Any CPU
		{BF70CEA2-962D-41F7-8751-CEE3E0F7E2A5}.Debug|Any CPU.ActiveCfg = Debug|Any CPU
		{BF70CEA2-962D-41F7-8751-CEE3E0F7E2A5}.Debug|Any CPU.Build.0 = Debug|Any CPU
		{BF70CEA2-962D-41F7-8751-CEE3E0F7E2A5}.Release|Any CPU.ActiveCfg = Release|Any CPU
		{BF70CEA2-962D-41F7-8751-CEE3E0F7E2A5}.Release|Any CPU.Build.0 = Release|Any CPU
	EndGlobalSection
	GlobalSection(SolutionProperties) = preSolution
		HideSolutionNode = FALSE
	EndGlobalSection
	GlobalSection(NestedProjects) = preSolution
		{F989FC8E-6EAA-4A6C-B61E-BC2D9346FD8B} = {13AF96F1-DC8B-4777-98AC-3DADF6DB0561}
		{4D9D003C-56F3-4B25-9A94-F0499B380265} = {4F4F1A9E-5D91-4C61-8B77-5BBC98966080}
		{3E34A91B-82BD-4003-A347-D8DF5D62050E} = {13AF96F1-DC8B-4777-98AC-3DADF6DB0561}
		{65ADE613-350A-4762-A014-C2BA700B06EC} = {13AF96F1-DC8B-4777-98AC-3DADF6DB0561}
		{803D1122-EAD4-4593-9126-E28C8274D6D6} = {13AF96F1-DC8B-4777-98AC-3DADF6DB0561}
		{CD3CF22B-1B11-4522-A26D-0A9929B52027} = {4F4F1A9E-5D91-4C61-8B77-5BBC98966080}
		{13AF96F1-DC8B-4777-98AC-3DADF6DB0561} = {4F4F1A9E-5D91-4C61-8B77-5BBC98966080}
		{4F4F1A9E-5D91-4C61-8B77-5BBC98966080} = {0610DE90-9113-4178-B13A-156792B99728}
		{359A8389-E805-40B4-8DEF-0E02F5361142} = {0610DE90-9113-4178-B13A-156792B99728}
		{4EC9524F-D12D-4156-91D0-9BE1D1A6D923} = {0610DE90-9113-4178-B13A-156792B99728}
		{233977AC-4F11-458A-AFE4-331D54EA6AB9} = {359A8389-E805-40B4-8DEF-0E02F5361142}
		{1350A976-9CB0-46A7-B99F-9733DEF56729} = {4EC9524F-D12D-4156-91D0-9BE1D1A6D923}
	EndGlobalSection
EndGlobal
